<Project xmlns="http://schemas.microsoft.com/developer/msbuild/2003">
  <PropertyGroup>
    <ProjectGuid>{e44431be-3de4-40c9-84a7-c87728b5613b}</ProjectGuid>
    <Configuration Condition=" '$(Configuration)' == '' ">Debug</Configuration>
    <Platform Condition=" '$(Platform)' == '' ">AnyCPU</Platform>
    <DCC_DCCCompiler>DCCIL</DCC_DCCCompiler>
    <DCC_DependencyCheckOutputName>bin\WebApplication1.dll</DCC_DependencyCheckOutputName>
    <MainSource>WebApplication1.dpr</MainSource>
    <DCC_EnabledPackages>true</DCC_EnabledPackages>
    <DCC_UsePackage>"C:\Arquivos de programas\Microsoft ASP.NET\ASP.NET 2.0 AJAX Extensions\v1.0.61025\System.Web.Extensions.dll";C:\WINDOWS\Microsoft.NET\Framework\v2.0.50727\System.XML.dll;C:\WINDOWS\Microsoft.NET\Framework\v2.0.50727\System.Windows.Forms.dll;C:\WINDOWS\Microsoft.NET\Framework\v2.0.50727\System.Web.Services.dll;C:\WINDOWS\Microsoft.NET\Framework\v2.0.50727\System.Web.dll;C:\WINDOWS\Microsoft.NET\Framework\v2.0.50727\System.Drawing.dll;C:\WINDOWS\Microsoft.NET\Framework\v2.0.50727\System.dll;C:\WINDOWS\Microsoft.NET\Framework\v2.0.50727\System.Data.dll;C:\WINDOWS\Microsoft.NET\Framework\v2.0.50727\System.configuration.dll</DCC_UsePackage>
  </PropertyGroup>
  <PropertyGroup Condition=" '$(Configuration)|$(Platform)' == 'Release|AnyCPU' ">
    <Version>7.0</Version>
    <DCC_DebugInformation>False</DCC_DebugInformation>
    <DCC_LocalDebugSymbols>False</DCC_LocalDebugSymbols>
    <DCC_SymbolReferenceInfo>0</DCC_SymbolReferenceInfo>
    <DCC_Define>RELEASE</DCC_Define>
    <DCC_ExeOutput>bin</DCC_ExeOutput>
  </PropertyGroup>
  <PropertyGroup Condition=" '$(Configuration)|$(Platform)' == 'Debug|AnyCPU' ">
    <Version>7.0</Version>
    <DCC_DebugInfoInExe>True</DCC_DebugInfoInExe>
    <DCC_DebugVN>True</DCC_DebugVN>
    <DCC_Define>DEBUG</DCC_Define>
    <DCC_Platform>x86</DCC_Platform>
    <DCC_ExeOutput>bin</DCC_ExeOutput>
    <DCC_UnitSearchPath>C:\WINDOWS\Microsoft.NET\Framework\v2.0.50727;C:\Arquivos de programas\Microsoft ASP.NET\ASP.NET 2.0 AJAX Extensions\v1.0.61025</DCC_UnitSearchPath>
    <DCC_ResourcePath>C:\WINDOWS\Microsoft.NET\Framework\v2.0.50727;C:\Arquivos de programas\Microsoft ASP.NET\ASP.NET 2.0 AJAX Extensions\v1.0.61025</DCC_ResourcePath>
    <DCC_IncludePath>C:\WINDOWS\Microsoft.NET\Framework\v2.0.50727;C:\Arquivos de programas\Microsoft ASP.NET\ASP.NET 2.0 AJAX Extensions\v1.0.61025</DCC_IncludePath>
  </PropertyGroup>
  <ProjectExtensions>
    <Borland.Personality>DelphiDotNet.Personality</Borland.Personality>
    <Borland.ProjectType>AspProject</Borland.ProjectType>
    <BorlandProject>
<BorlandProject><DelphiDotNet.Personality><Parameters><Parameters Name="UseLauncher">False</Parameters><Parameters Name="LoadAllSymbols">True</Parameters><Parameters Name="LoadUnspecifiedSymbols">False</Parameters></Parameters><VersionInfo><VersionInfo Name="IncludeVerInfo">False</VersionInfo><VersionInfo Name="AutoIncBuild">False</VersionInfo><VersionInfo Name="MajorVer">1</VersionInfo><VersionInfo Name="MinorVer">0</VersionInfo><VersionInfo Name="Release">0</VersionInfo><VersionInfo Name="Build">0</VersionInfo><VersionInfo Name="Debug">False</VersionInfo><VersionInfo Name="PreRelease">False</VersionInfo><VersionInfo Name="Special">False</VersionInfo><VersionInfo Name="Private">False</VersionInfo><VersionInfo Name="DLL">False</VersionInfo><VersionInfo Name="Locale">1046</VersionInfo><VersionInfo Name="CodePage">1252</VersionInfo></VersionInfo><VersionInfoKeys><VersionInfoKeys Name="CompanyName"></VersionInfoKeys><VersionInfoKeys Name="FileDescription"></VersionInfoKeys><VersionInfoKeys Name="FileVersion">1.0.0.0</VersionInfoKeys><VersionInfoKeys Name="InternalName"></VersionInfoKeys><VersionInfoKeys Name="LegalCopyright"></VersionInfoKeys><VersionInfoKeys Name="LegalTrademarks"></VersionInfoKeys><VersionInfoKeys Name="OriginalFilename"></VersionInfoKeys><VersionInfoKeys Name="ProductName"></VersionInfoKeys><VersionInfoKeys Name="ProductVersion">1.0.0.0</VersionInfoKeys><VersionInfoKeys Name="Comments"></VersionInfoKeys></VersionInfoKeys><Options><Options Name="AspNetUseHostServer">True</Options><Options Name="AspNetLaunchBrowser">True</Options><Options Name="AspNetStartPage">PesquisaCaixa.aspx</Options><Options Name="AspNetHostServer">Cassini</Options><Options Name="AspNetCassiniPortIndex">0</Options><Options Name="AspNetCassiniStartup">ProjectRun</Options><Options Name="AspNetIISVirtualDirectory"></Options><Options Name="AspNetHTTPAddress"></Options><Options Name="AspNetCassiniHTTPAddress"></Options></Options><Source><Source Name="MainSource">WebApplication1.dpr</Source></Source></DelphiDotNet.Personality></BorlandProject></BorlandProject>
  </ProjectExtensions>
  <ItemGroup>
    <Reference Include="$(SystemRoot)\Microsoft.NET\Framework\v2.0.50727\System.configuration.dll">
      <AssemblyName>System.Configuration</AssemblyName>
      <Version>2.0.0.0</Version>
      <HintPath>$(SystemRoot)\Microsoft.NET\Framework\v2.0.50727\System.configuration.dll</HintPath>
      <AssemblyTag>$(SystemRoot)\Microsoft.NET\Framework\v2.0.50727\System.configuration.dll</AssemblyTag>
      <LinkUnits>False</LinkUnits>
    </Reference>
    <Reference Include="$(SystemRoot)\Microsoft.NET\Framework\v2.0.50727\System.Data.dll">
      <AssemblyName>System.Data</AssemblyName>
      <Version>2.0.0.0</Version>
      <HintPath>$(SystemRoot)\Microsoft.NET\Framework\v2.0.50727\System.Data.dll</HintPath>
      <AssemblyTag>$(SystemRoot)\Microsoft.NET\Framework\v2.0.50727\System.Data.dll</AssemblyTag>
      <LinkUnits>False</LinkUnits>
    </Reference>
    <Reference Include="$(SystemRoot)\Microsoft.NET\Framework\v2.0.50727\System.dll">
      <AssemblyName>System</AssemblyName>
      <Version>2.0.0.0</Version>
      <HintPath>$(SystemRoot)\Microsoft.NET\Framework\v2.0.50727\System.dll</HintPath>
      <AssemblyTag>$(SystemRoot)\Microsoft.NET\Framework\v2.0.50727\System.dll</AssemblyTag>
      <LinkUnits>False</LinkUnits>
    </Reference>
    <Reference Include="$(SystemRoot)\Microsoft.NET\Framework\v2.0.50727\System.Drawing.dll">
      <AssemblyName>System.Drawing</AssemblyName>
      <Version>2.0.0.0</Version>
      <HintPath>$(SystemRoot)\Microsoft.NET\Framework\v2.0.50727\System.Drawing.dll</HintPath>
      <AssemblyTag>$(SystemRoot)\Microsoft.NET\Framework\v2.0.50727\System.Drawing.dll</AssemblyTag>
      <LinkUnits>False</LinkUnits>
    </Reference>
    <Reference Include="$(SystemRoot)\Microsoft.NET\Framework\v2.0.50727\System.Web.dll">
      <AssemblyName>System.Web</AssemblyName>
      <Version>2.0.0.0</Version>
      <HintPath>$(SystemRoot)\Microsoft.NET\Framework\v2.0.50727\System.Web.dll</HintPath>
      <AssemblyTag>$(SystemRoot)\Microsoft.NET\Framework\v2.0.50727\System.Web.dll</AssemblyTag>
      <LinkUnits>False</LinkUnits>
    </Reference>
    <Reference Include="$(SystemRoot)\Microsoft.NET\Framework\v2.0.50727\System.Web.Services.dll">
      <AssemblyName>System.Web.Services</AssemblyName>
      <Version>2.0.0.0</Version>
      <HintPath>$(SystemRoot)\Microsoft.NET\Framework\v2.0.50727\System.Web.Services.dll</HintPath>
      <AssemblyTag>$(SystemRoot)\Microsoft.NET\Framework\v2.0.50727\System.Web.Services.dll</AssemblyTag>
      <LinkUnits>False</LinkUnits>
    </Reference>
    <Reference Include="$(SystemRoot)\Microsoft.NET\Framework\v2.0.50727\System.Windows.Forms.dll">
      <AssemblyName>System.Windows.Forms</AssemblyName>
      <Version>2.0.0.0</Version>
      <HintPath>$(SystemRoot)\Microsoft.NET\Framework\v2.0.50727\System.Windows.Forms.dll</HintPath>
      <AssemblyTag>$(SystemRoot)\Microsoft.NET\Framework\v2.0.50727\System.Windows.Forms.dll</AssemblyTag>
      <LinkUnits>False</LinkUnits>
    </Reference>
    <Reference Include="$(SystemRoot)\Microsoft.NET\Framework\v2.0.50727\System.XML.dll">
      <AssemblyName>System.XML</AssemblyName>
      <Version>2.0.0.0</Version>
      <HintPath>$(SystemRoot)\Microsoft.NET\Framework\v2.0.50727\System.XML.dll</HintPath>
      <AssemblyTag>$(SystemRoot)\Microsoft.NET\Framework\v2.0.50727\System.XML.dll</AssemblyTag>
      <LinkUnits>False</LinkUnits>
    </Reference>
    <Reference Include="C:\Arquivos de programas\Microsoft ASP.NET\ASP.NET 2.0 AJAX Extensions\v1.0.61025\System.Web.Extensions.dll">
      <AssemblyName>System.Web.Extensions</AssemblyName>
      <Version>1.0.61025.0</Version>
      <HintPath>C:\Arquivos de programas\Microsoft ASP.NET\ASP.NET 2.0 AJAX Extensions\v1.0.61025\System.Web.Extensions.dll</HintPath>
      <AssemblyTag>C:\Arquivos de programas\Microsoft ASP.NET\ASP.NET 2.0 AJAX Extensions\v1.0.61025\System.Web.Extensions.dll</AssemblyTag>
      <LinkUnits>False</LinkUnits>
    </Reference>
  </ItemGroup>
  <ItemGroup>
    <DelphiCompile Include="WebApplication1.dpr">
      <MainSource>MainSource</MainSource>
    </DelphiCompile>
    <EmbeddedResource Include="PagRecibo.resx">
      <DependentUpon>PagRecibo.pas</DependentUpon>
    </EmbeddedResource>
    <EmbeddedResource Include="PesquisaCaixa.resx">
      <DependentUpon>PesquisaCaixa.pas</DependentUpon>
    </EmbeddedResource>
    <EmbeddedResource Include="RelatorioCaixas.resx">
      <DependentUpon>RelatorioCaixas.pas</DependentUpon>
    </EmbeddedResource>
    <EmbeddedResource Include="RelatorioCofre.resx">
      <DependentUpon>RelatorioCofre.pas</DependentUpon>
    </EmbeddedResource>
    <EmbeddedResource Include="RelatorioToPrint.resx">
      <DependentUpon>RelatorioToPrint.pas</DependentUpon>
    </EmbeddedResource>
    <DCCReference Include="PagRecibo.pas">
      <DependentUpon>PagRecibo.aspx</DependentUpon>
      <Form>PagRecibo.TPagRecibo</Form>
      <DesignClass>System.Web.UI.Page</DesignClass>
    </DCCReference>
    <DCCReference Include="PesquisaCaixa.pas">
      <DependentUpon>PesquisaCaixa.aspx</DependentUpon>
      <Form>PesquisaCaixa.TRelatorioCaixa</Form>
      <DesignClass>System.Web.UI.Page</DesignClass>
    </DCCReference>
    <DCCReference Include="Relatorio.pas">
      <DependentUpon>Relatorio.aspx</DependentUpon>
      <Form>Relatorio.TRelatorio</Form>
      <DesignClass>System.Web.UI.Page</DesignClass>
    </DCCReference>
    <DCCReference Include="RelatorioCaixas.pas">
      <DependentUpon>RelatorioCaixas.aspx</DependentUpon>
      <Form>RelatorioCaixas.TRelatorioCaixas</Form>
      <DesignClass>System.Web.UI.Page</DesignClass>
    </DCCReference>
    <DCCReference Include="RelatorioCofre.pas">
      <DependentUpon>RelatorioCofre.aspx</DependentUpon>
      <Form>RelatorioCofre.TDefault</Form>
      <DesignClass>System.Web.UI.Page</DesignClass>
    </DCCReference>
    <DCCReference Include="RelatorioToPrint.pas">
      <DependentUpon>RelatorioToPrint.aspx</DependentUpon>
      <Form>RelatorioToPrint.TRelatorioToPrint</Form>
      <DesignClass>System.Web.UI.Page</DesignClass>
    </DCCReference>
    <None Include="PagRecibo.aspx" />
    <None Include="PesquisaCaixa.aspx" />
    <None Include="Relatorio.aspx" />
    <None Include="RelatorioCaixas.aspx" />
    <None Include="RelatorioCofre.aspx" />
    <None Include="RelatorioToPrint.aspx" />
    <None Include="Web.config" />
  </ItemGroup>
  <Import Project="$(MSBuildBinPath)\Borland.Delphi.Targets" />
</Project>